
Microsoft Visual Studio Solution File, Format Version 12.00
Project("{FAE04EC0-301F-11D3-BF4B-00C04F79EFBC}") = "String_Demo", "String_Demo\String_Demo.csproj", "{38427867-1B14-40B1-8971-5F2910455458}"
EndProject
Project("{FAE04EC0-301F-11D3-BF4B-00C04F79EFBC}") = "Static_Single", "Static_Single\Static_Single.csproj", "{72615257-B6A0-4DB0-BEC8-A9C732FEA41C}"
EndProject
Project("{FAE04EC0-301F-11D3-BF4B-00C04F79EFBC}") = "繼承", "繼承\繼承.csproj", "{FC334E19-8EF5-47F7-B3DC-8131EFB45BFB}"
EndProject
Project("{FAE04EC0-301F-11D3-BF4B-00C04F79EFBC}") = "Abstract_Demo", "Abstract_Demo\Abstract_Demo.csproj", "{FE30D178-121E-40E2-A250-73FA5DF2D8DA}"
EndProject
Project("{FAE04EC0-301F-11D3-BF4B-00C04F79EFBC}") = "Interface_Demo", "Interface_Demo\Interface_Demo.csproj", "{36CB6BCF-B33D-4DE5-B8FF-F64FC4443092}"
EndProject
Project("{FAE04EC0-301F-11D3-BF4B-00C04F79EFBC}") = "多態_Demo", "多態_Demo\多態_Demo.csproj", "{A8D89CE5-E4B0-43A6-8C35-F2F78D363519}"
EndProject
Project("{FAE04EC0-301F-11D3-BF4B-00C04F79EFBC}") = "DI_Demo", "DI_Demo\DI_Demo.csproj", "{8FB1959C-9CDA-4C71-A05D-C9D21A022205}"
EndProject
Project("{FAE04EC0-301F-11D3-BF4B-00C04F79EFBC}") = "反射_Deom", "反射_Deom\反射_Deom.csproj", "{8E02F56D-230F-49A0-A74C-8E99E73897D4}"
EndProject
Project("{FAE04EC0-301F-11D3-BF4B-00C04F79EFBC}") = "ConsoleApplication2", "ConsoleApplication2\ConsoleApplication2.csproj", "{2340CFA7-FDE3-431F-8674-2DB7438D80F7}"
EndProject
Project("{FAE04EC0-301F-11D3-BF4B-00C04F79EFBC}") = "擴展方法_Demo", "擴展方法_Demo\擴展方法_Demo.csproj", "{C5C1F758-713F-4D11-AF2D-9FDF4C5FCFEB}"
EndProject
Project("{FAE04EC0-301F-11D3-BF4B-00C04F79EFBC}") = "Dometrain.EFCore", "Dometrain.EFCore\Dometrain.EFCore.csproj", "{541D998E-E3E0-4667-90F1-5C1D46E8285D}"
EndProject
Project("{FAE04EC0-301F-11D3-BF4B-00C04F79EFBC}") = "ConsoleDBContext", "ConsoleDBContext\ConsoleDBContext.csproj", "{B4BCAC22-3F9A-42BA-8011-FB642BC57440}"
EndProject
Global
	GlobalSection(SolutionConfigurationPlatforms) = preSolution
		Debug|Any CPU = Debug|Any CPU
		Release|Any CPU = Release|Any CPU
	EndGlobalSection
	GlobalSection(ProjectConfigurationPlatforms) = postSolution
		{38427867-1B14-40B1-8971-5F2910455458}.Debug|Any CPU.ActiveCfg = Debug|Any CPU
		{38427867-1B14-40B1-8971-5F2910455458}.Debug|Any CPU.Build.0 = Debug|Any CPU
		{38427867-1B14-40B1-8971-5F2910455458}.Release|Any CPU.ActiveCfg = Release|Any CPU
		{38427867-1B14-40B1-8971-5F2910455458}.Release|Any CPU.Build.0 = Release|Any CPU
		{72615257-B6A0-4DB0-BEC8-A9C732FEA41C}.Debug|Any CPU.ActiveCfg = Debug|Any CPU
		{72615257-B6A0-4DB0-BEC8-A9C732FEA41C}.Debug|Any CPU.Build.0 = Debug|Any CPU
		{72615257-B6A0-4DB0-BEC8-A9C732FEA41C}.Release|Any CPU.ActiveCfg = Release|Any CPU
		{72615257-B6A0-4DB0-BEC8-A9C732FEA41C}.Release|Any CPU.Build.0 = Release|Any CPU
		{FC334E19-8EF5-47F7-B3DC-8131EFB45BFB}.Debug|Any CPU.ActiveCfg = Debug|Any CPU
		{FC334E19-8EF5-47F7-B3DC-8131EFB45BFB}.Debug|Any CPU.Build.0 = Debug|Any CPU
		{FC334E19-8EF5-47F7-B3DC-8131EFB45BFB}.Release|Any CPU.ActiveCfg = Release|Any CPU
		{FC334E19-8EF5-47F7-B3DC-8131EFB45BFB}.Release|Any CPU.Build.0 = Release|Any CPU
		{FE30D178-121E-40E2-A250-73FA5DF2D8DA}.Debug|Any CPU.ActiveCfg = Debug|Any CPU
		{FE30D178-121E-40E2-A250-73FA5DF2D8DA}.Debug|Any CPU.Build.0 = Debug|Any CPU
		{FE30D178-121E-40E2-A250-73FA5DF2D8DA}.Release|Any CPU.ActiveCfg = Release|Any CPU
		{FE30D178-121E-40E2-A250-73FA5DF2D8DA}.Release|Any CPU.Build.0 = Release|Any CPU
		{36CB6BCF-B33D-4DE5-B8FF-F64FC4443092}.Debug|Any CPU.ActiveCfg = Debug|Any CPU
		{36CB6BCF-B33D-4DE5-B8FF-F64FC4443092}.Debug|Any CPU.Build.0 = Debug|Any CPU
		{36CB6BCF-B33D-4DE5-B8FF-F64FC4443092}.Release|Any CPU.ActiveCfg = Release|Any CPU
		{36CB6BCF-B33D-4DE5-B8FF-F64FC4443092}.Release|Any CPU.Build.0 = Release|Any CPU
		{A8D89CE5-E4B0-43A6-8C35-F2F78D363519}.Debug|Any CPU.ActiveCfg = Debug|Any CPU
		{A8D89CE5-E4B0-43A6-8C35-F2F78D363519}.Debug|Any CPU.Build.0 = Debug|Any CPU
		{A8D89CE5-E4B0-43A6-8C35-F2F78D363519}.Release|Any CPU.ActiveCfg = Release|Any CPU
		{A8D89CE5-E4B0-43A6-8C35-F2F78D363519}.Release|Any CPU.Build.0 = Release|Any CPU
		{8FB1959C-9CDA-4C71-A05D-C9D21A022205}.Debug|Any CPU.ActiveCfg = Debug|Any CPU
		{8FB1959C-9CDA-4C71-A05D-C9D21A022205}.Debug|Any CPU.Build.0 = Debug|Any CPU
		{8FB1959C-9CDA-4C71-A05D-C9D21A022205}.Release|Any CPU.ActiveCfg = Release|Any CPU
		{8FB1959C-9CDA-4C71-A05D-C9D21A022205}.Release|Any CPU.Build.0 = Release|Any CPU
		{8E02F56D-230F-49A0-A74C-8E99E73897D4}.Debug|Any CPU.ActiveCfg = Debug|Any CPU
		{8E02F56D-230F-49A0-A74C-8E99E73897D4}.Debug|Any CPU.Build.0 = Debug|Any CPU
		{8E02F56D-230F-49A0-A74C-8E99E73897D4}.Release|Any CPU.ActiveCfg = Release|Any CPU
		{8E02F56D-230F-49A0-A74C-8E99E73897D4}.Release|Any CPU.Build.0 = Release|Any CPU
		{2340CFA7-FDE3-431F-8674-2DB7438D80F7}.Debug|Any CPU.ActiveCfg = Debug|Any CPU
		{2340CFA7-FDE3-431F-8674-2DB7438D80F7}.Debug|Any CPU.Build.0 = Debug|Any CPU
		{2340CFA7-FDE3-431F-8674-2DB7438D80F7}.Release|Any CPU.ActiveCfg = Release|Any CPU
		{2340CFA7-FDE3-431F-8674-2DB7438D80F7}.Release|Any CPU.Build.0 = Release|Any CPU
		{C5C1F758-713F-4D11-AF2D-9FDF4C5FCFEB}.Debug|Any CPU.ActiveCfg = Debug|Any CPU
		{C5C1F758-713F-4D11-AF2D-9FDF4C5FCFEB}.Debug|Any CPU.Build.0 = Debug|Any CPU
		{C5C1F758-713F-4D11-AF2D-9FDF4C5FCFEB}.Release|Any CPU.ActiveCfg = Release|Any CPU
		{C5C1F758-713F-4D11-AF2D-9FDF4C5FCFEB}.Release|Any CPU.Build.0 = Release|Any CPU
		{541D998E-E3E0-4667-90F1-5C1D46E8285D}.Debug|Any CPU.ActiveCfg = Debug|Any CPU
		{541D998E-E3E0-4667-90F1-5C1D46E8285D}.Debug|Any CPU.Build.0 = Debug|Any CPU
		{541D998E-E3E0-4667-90F1-5C1D46E8285D}.Release|Any CPU.ActiveCfg = Release|Any CPU
		{541D998E-E3E0-4667-90F1-5C1D46E8285D}.Release|Any CPU.Build.0 = Release|Any CPU
		{B4BCAC22-3F9A-42BA-8011-FB642BC57440}.Debug|Any CPU.ActiveCfg = Debug|Any CPU
		{B4BCAC22-3F9A-42BA-8011-FB642BC57440}.Debug|Any CPU.Build.0 = Debug|Any CPU
		{B4BCAC22-3F9A-42BA-8011-FB642BC57440}.Release|Any CPU.ActiveCfg = Release|Any CPU
		{B4BCAC22-3F9A-42BA-8011-FB642BC57440}.Release|Any CPU.Build.0 = Release|Any CPU
	EndGlobalSection
EndGlobal
